
Microsoft Visual Studio Solution File, Format Version 12.00
# Visual Studio Version 17
VisualStudioVersion = 17.13.35825.156
MinimumVisualStudioVersion = 10.0.40219.1
Project("{2150E333-8FDC-42A3-9474-1A3956D46DE8}") = "Solution Items", "Solution Items", "{8EC462FD-D22E-90A8-E5CE-7E832BA40C5D}"
	ProjectSection(SolutionItems) = preProject
		..\logo\logo.png = ..\logo\logo.png
	EndProjectSection
EndProject
Project("{FAE04EC0-301F-11D3-BF4B-00C04F79EFBC}") = "TirsvadCLI.AnsiCode", "src\AnsiCode\TirsvadCLI.AnsiCode.csproj", "{451795E9-920B-739B-EC06-16E4AAE86E1C}"
EndProject
Project("{FAE04EC0-301F-11D3-BF4B-00C04F79EFBC}") = "Example", "Example\Example.csproj", "{97BC3BF6-8E18-4C2C-8909-AE12E4AA865E}"
EndProject
Global
	GlobalSection(SolutionConfigurationPlatforms) = preSolution
		Debug|Any CPU = Debug|Any CPU
		Release|Any CPU = Release|Any CPU
	EndGlobalSection
	GlobalSection(ProjectConfigurationPlatforms) = postSolution
		{451795E9-920B-739B-EC06-16E4AAE86E1C}.Debug|Any CPU.ActiveCfg = Debug|Any CPU
		{451795E9-920B-739B-EC06-16E4AAE86E1C}.Debug|Any CPU.Build.0 = Debug|Any CPU
		{451795E9-920B-739B-EC06-16E4AAE86E1C}.Release|Any CPU.ActiveCfg = Release|Any CPU
		{451795E9-920B-739B-EC06-16E4AAE86E1C}.Release|Any CPU.Build.0 = Release|Any CPU
		{97BC3BF6-8E18-4C2C-8909-AE12E4AA865E}.Debug|Any CPU.ActiveCfg = Debug|Any CPU
		{97BC3BF6-8E18-4C2C-8909-AE12E4AA865E}.Debug|Any CPU.Build.0 = Debug|Any CPU
		{97BC3BF6-8E18-4C2C-8909-AE12E4AA865E}.Release|Any CPU.ActiveCfg = Release|Any CPU
		{97BC3BF6-8E18-4C2C-8909-AE12E4AA865E}.Release|Any CPU.Build.0 = Release|Any CPU
	EndGlobalSection
	GlobalSection(SolutionProperties) = preSolution
		HideSolutionNode = FALSE
	EndGlobalSection
	GlobalSection(ExtensibilityGlobals) = postSolution
		SolutionGuid = {0E8F6A5F-A47A-44B4-BBBD-5D4CEBC3D0D5}
	EndGlobalSection
EndGlobal
